
Microsoft Visual Studio Solution File, Format Version 12.00
# Visual Studio Version 17
VisualStudioVersion = 17.10.35027.167
MinimumVisualStudioVersion = 10.0.40219.1
Project("{FAE04EC0-301F-11D3-BF4B-00C04F79EFBC}") = "Florido2", "Florido2\Florido2.csproj", "{988A3D6D-7ABA-42E9-BD5A-1F1AF1481456}"
EndProject
Global
	GlobalSection(SolutionConfigurationPlatforms) = preSolution
		Debug|Any CPU = Debug|Any CPU
		Release|Any CPU = Release|Any CPU
	EndGlobalSection
	GlobalSection(ProjectConfigurationPlatforms) = postSolution
		{988A3D6D-7ABA-42E9-BD5A-1F1AF1481456}.Debug|Any CPU.ActiveCfg = Debug|Any CPU
		{988A3D6D-7ABA-42E9-BD5A-1F1AF1481456}.Debug|Any CPU.Build.0 = Debug|Any CPU
		{988A3D6D-7ABA-42E9-BD5A-1F1AF1481456}.Release|Any CPU.ActiveCfg = Release|Any CPU
		{988A3D6D-7ABA-42E9-BD5A-1F1AF1481456}.Release|Any CPU.Build.0 = Release|Any CPU
	EndGlobalSection
	GlobalSection(SolutionProperties) = preSolution
		HideSolutionNode = FALSE
	EndGlobalSection
	GlobalSection(ExtensibilityGlobals) = postSolution
		SolutionGuid = {FD9EF7C6-A799-40DC-A831-BC331E13AAEA}
	EndGlobalSection
EndGlobal
